{
  "name": "npm-project",
  "lockfileVersion": 3,
  "requires": true,
  "packages": {
    "": {
      "name": "npm-project",
      "dependencies": {
        "@codesweep-ai/ui": "0.3.1-dev.20260909170256.1638d27"
      },
      "devDependencies": {
        "@codesweep-ai/ledger": "0.0.0-20260920230337-e974225af350",
        "vitest": "^2.1.9"
      }
    },
    "node_modules/@codesweep-ai/ledger": {
      "version": "0.0.0-20260920230337-e974225af350",
      "dev": true
    },
    "node_modules/@codesweep-ai/ui": {
      "version": "0.3.1-dev.20260909170256.1638d27",
      "dependencies": {
        "fast-uri": "^3.1.0"
      }
    },
    "node_modules/@vitest/mocker": {
      "version": "2.1.9",
      "dev": true,
      "peerDependencies": {
        "vite": "^5.0.0"
      }
    },
    "node_modules/esbuild": {
      "version": "0.21.5",
      "dev": true,
      "hasInstallScript": true
    },
    "node_modules/fast-uri": {
      "version": "3.1.5"
    },
    "node_modules/vite": {
      "version": "5.4.21",
      "dev": true,
      "dependencies": {
        "esbuild": "^0.21.3"
      }
    },
    "node_modules/vitest": {
      "version": "2.1.9",
      "dev": true,
      "dependencies": {
        "@vitest/mocker": "2.1.9",
        "vite": "^5.0.0"
      }
    }
  }
}
